
Microsoft Visual Studio Solution File, Format Version 12.00
# Visual Studio Version 16
VisualStudioVersion = 16.0.30621.155
MinimumVisualStudioVersion = 10.0.40219.1
Project("{FAE04EC0-301F-11D3-BF4B-00C04F79EFBC}") = "fotoTeca", "fotoTeca.csproj", "{87C89381-466B-4E20-9C56-FAC1DCC28BB8}"
EndProject
Global
	GlobalSection(SolutionConfigurationPlatforms) = preSolution
		Debug|Any CPU = Debug|Any CPU
		Release|Any CPU = Release|Any CPU
	EndGlobalSection
	GlobalSection(ProjectConfigurationPlatforms) = postSolution
		{87C89381-466B-4E20-9C56-FAC1DCC28BB8}.Debug|Any CPU.ActiveCfg = Debug|Any CPU
		{87C89381-466B-4E20-9C56-FAC1DCC28BB8}.Debug|Any CPU.Build.0 = Debug|Any CPU
		{87C89381-466B-4E20-9C56-FAC1DCC28BB8}.Release|Any CPU.ActiveCfg = Release|Any CPU
		{87C89381-466B-4E20-9C56-FAC1DCC28BB8}.Release|Any CPU.Build.0 = Release|Any CPU
	EndGlobalSection
	GlobalSection(SolutionProperties) = preSolution
		HideSolutionNode = FALSE
	EndGlobalSection
	GlobalSection(ExtensibilityGlobals) = postSolution
		SolutionGuid = {37D07E48-9315-401A-BFBC-53B38D2D2163}
	EndGlobalSection
EndGlobal
